
Microsoft Visual Studio Solution File, Format Version 12.00
# Visual Studio Version 16
VisualStudioVersion = 16.0.31911.196
MinimumVisualStudioVersion = 10.0.40219.1
Project("{9A19103F-16F7-4668-BE54-9A1E7A4F7556}") = "DelgatoFoodDelivery.Server", "DelgatoFoodDelivery\Server\DelgatoFoodDelivery.Server.csproj", "{D3B15097-DC76-43E2-98D3-43171EB81C21}"
EndProject
Project("{9A19103F-16F7-4668-BE54-9A1E7A4F7556}") = "DelgatoFoodDelivery.Client", "DelgatoFoodDelivery\Client\DelgatoFoodDelivery.Client.csproj", "{688A73A6-FC69-48C0-AF36-E50FC9558F58}"
EndProject
Project("{9A19103F-16F7-4668-BE54-9A1E7A4F7556}") = "DelgatoFoodDelivery.Shared", "DelgatoFoodDelivery\Shared\DelgatoFoodDelivery.Shared.csproj", "{1DCF4BD9-1CBE-4173-A292-7103F413E947}"
EndProject
Global
	GlobalSection(SolutionConfigurationPlatforms) = preSolution
		Debug|Any CPU = Debug|Any CPU
		Release|Any CPU = Release|Any CPU
	EndGlobalSection
	GlobalSection(ProjectConfigurationPlatforms) = postSolution
		{D3B15097-DC76-43E2-98D3-43171EB81C21}.Debug|Any CPU.ActiveCfg = Debug|Any CPU
		{D3B15097-DC76-43E2-98D3-43171EB81C21}.Debug|Any CPU.Build.0 = Debug|Any CPU
		{D3B15097-DC76-43E2-98D3-43171EB81C21}.Release|Any CPU.ActiveCfg = Release|Any CPU
		{D3B15097-DC76-43E2-98D3-43171EB81C21}.Release|Any CPU.Build.0 = Release|Any CPU
		{688A73A6-FC69-48C0-AF36-E50FC9558F58}.Debug|Any CPU.ActiveCfg = Debug|Any CPU
		{688A73A6-FC69-48C0-AF36-E50FC9558F58}.Debug|Any CPU.Build.0 = Debug|Any CPU
		{688A73A6-FC69-48C0-AF36-E50FC9558F58}.Release|Any CPU.ActiveCfg = Release|Any CPU
		{688A73A6-FC69-48C0-AF36-E50FC9558F58}.Release|Any CPU.Build.0 = Release|Any CPU
		{1DCF4BD9-1CBE-4173-A292-7103F413E947}.Debug|Any CPU.ActiveCfg = Debug|Any CPU
		{1DCF4BD9-1CBE-4173-A292-7103F413E947}.Debug|Any CPU.Build.0 = Debug|Any CPU
		{1DCF4BD9-1CBE-4173-A292-7103F413E947}.Release|Any CPU.ActiveCfg = Release|Any CPU
		{1DCF4BD9-1CBE-4173-A292-7103F413E947}.Release|Any CPU.Build.0 = Release|Any CPU
	EndGlobalSection
	GlobalSection(SolutionProperties) = preSolution
		HideSolutionNode = FALSE
	EndGlobalSection
	GlobalSection(ExtensibilityGlobals) = postSolution
		SolutionGuid = {F295FC5C-6613-4253-BD94-698B197BEFCD}
	EndGlobalSection
EndGlobal
